
Microsoft Visual Studio Solution File, Format Version 12.00
# Visual Studio Version 16
VisualStudioVersion = 16.0.33927.289
MinimumVisualStudioVersion = 10.0.40219.1
Project("{2150E333-8FDC-42A3-9474-1A3956D46DE8}") = "Task0", "Task0", "{F60214D4-171B-4860-B973-98EADE5F6A29}"
EndProject
Project("{FAE04EC0-301F-11D3-BF4B-00C04F79EFBC}") = "Tyuiu.NikolaichukVS.Sprint4.Task0.V25", "Tyuiu.NikolaichukVS.Sprint4.Task0.V25\Tyuiu.NikolaichukVS.Sprint4.Task0.V25.csproj", "{C0B0A8B6-9D94-4349-A342-EBAB552BE13F}"
EndProject
Project("{FAE04EC0-301F-11D3-BF4B-00C04F79EFBC}") = "Tyuiu.NikolaichukVS.Sprint4.Task0.V25.Lib", "Tyuiu.NikolaichukVS.Sprint4.Task0.V25.Lib\Tyuiu.NikolaichukVS.Sprint4.Task0.V25.Lib.csproj", "{9CA81CBB-F02C-4C66-BCC7-BF6F49A87381}"
EndProject
Project("{FAE04EC0-301F-11D3-BF4B-00C04F79EFBC}") = "Tyuiu.NikolaichukVS.Sprint4.Task0.V25.Test", "Tyuiu.NikolaichukVS.Sprint4.Task0.V25.Test\Tyuiu.NikolaichukVS.Sprint4.Task0.V25.Test.csproj", "{81C69ADF-FE34-4969-A809-9EB159BFCE06}"
EndProject
Project("{2150E333-8FDC-42A3-9474-1A3956D46DE8}") = "Task1", "Task1", "{8C3CC52E-0823-41E7-B74D-9DFE499F7ACF}"
EndProject
Project("{FAE04EC0-301F-11D3-BF4B-00C04F79EFBC}") = "Tyuiu.NikolaichukVS.Sprint4.Task1.V16", "Tyuiu.NikolaichukVS.Sprint4.Task1.V16\Tyuiu.NikolaichukVS.Sprint4.Task1.V16.csproj", "{A67C1BBA-2CDD-4B23-964F-FAB4DC8DA569}"
EndProject
Project("{FAE04EC0-301F-11D3-BF4B-00C04F79EFBC}") = "Tyuiu.NikolaichukVS.Sprint4.Task1.V16.Lib", "Tyuiu.NikolaichukVS.Sprint4.Task1.V16.Lib\Tyuiu.NikolaichukVS.Sprint4.Task1.V16.Lib.csproj", "{3B3B94AC-CDC6-437B-8DE6-BF139BFA077D}"
EndProject
Project("{FAE04EC0-301F-11D3-BF4B-00C04F79EFBC}") = "Tyuiu.NikolaichukVS.Sprint4.Task1.V16.Test", "Tyuiu.NikolaichukVS.Sprint4.Task1.V16.Test\Tyuiu.NikolaichukVS.Sprint4.Task1.V16.Test.csproj", "{5F246A8F-984D-435D-984C-D2AE24B95483}"
EndProject
Project("{2150E333-8FDC-42A3-9474-1A3956D46DE8}") = "Task2", "Task2", "{DE1159B2-8FBC-4C49-8FA0-51821B1C4FEB}"
EndProject
Project("{FAE04EC0-301F-11D3-BF4B-00C04F79EFBC}") = "Tyuiu.NikolaichukVS.Sprint4.Task2.V15", "Tyuiu.NikolaichukVS.Sprint4.Task2.V15\Tyuiu.NikolaichukVS.Sprint4.Task2.V15.csproj", "{716CAF2A-13D4-48D1-8AE0-CCD1EAE13D37}"
EndProject
Project("{FAE04EC0-301F-11D3-BF4B-00C04F79EFBC}") = "Tyuiu.NikolaichukVS.Sprint4.Task2.V15.Lib", "Tyuiu.NikolaichukVS.Sprint4.Task2.V15.Lib\Tyuiu.NikolaichukVS.Sprint4.Task2.V15.Lib.csproj", "{5A191280-CCBD-47B3-A86A-65B658D0A395}"
EndProject
Project("{FAE04EC0-301F-11D3-BF4B-00C04F79EFBC}") = "Tyuiu.NikolaichukVS.Sprint4.Task2.V15.Test", "Tyuiu.NikolaichukVS.Sprint4.Task2.V15.Test\Tyuiu.NikolaichukVS.Sprint4.Task2.V15.Test.csproj", "{87B52CF1-12F2-44F9-8777-A70038BB199A}"
EndProject
Project("{2150E333-8FDC-42A3-9474-1A3956D46DE8}") = "Task3", "Task3", "{A6B03DB2-5A96-4072-82D9-1211E93E182B}"
EndProject
Project("{FAE04EC0-301F-11D3-BF4B-00C04F79EFBC}") = "Tyuiu.NikolaichukVS.Sprint4.Task3.V14", "Tyuiu.NikolaichukVS.Sprint4.Task3.V14\Tyuiu.NikolaichukVS.Sprint4.Task3.V14.csproj", "{BDE7DB09-79A2-4A81-90A3-A5278C43D3D7}"
EndProject
Project("{FAE04EC0-301F-11D3-BF4B-00C04F79EFBC}") = "Tyuiu.NikolaichukVS.Sprint4.Task3.V14.Lib", "Tyuiu.NikolaichukVS.Sprint4.Task3.V14.Lib\Tyuiu.NikolaichukVS.Sprint4.Task3.V14.Lib.csproj", "{8FD0426F-17AC-4888-9D67-3E675705949C}"
EndProject
Project("{FAE04EC0-301F-11D3-BF4B-00C04F79EFBC}") = "Tyuiu.NikolaichukVS.Sprint4.Task3.V14.Test", "Tyuiu.NikolaichukVS.Sprint4.Task3.V14.Test\Tyuiu.NikolaichukVS.Sprint4.Task3.V14.Test.csproj", "{76A118D2-7F08-4DAB-A13B-D4CBBAAC87FD}"
EndProject
Global
	GlobalSection(SolutionConfigurationPlatforms) = preSolution
		Debug|Any CPU = Debug|Any CPU
		Release|Any CPU = Release|Any CPU
	EndGlobalSection
	GlobalSection(ProjectConfigurationPlatforms) = postSolution
		{C0B0A8B6-9D94-4349-A342-EBAB552BE13F}.Debug|Any CPU.ActiveCfg = Debug|Any CPU
		{C0B0A8B6-9D94-4349-A342-EBAB552BE13F}.Debug|Any CPU.Build.0 = Debug|Any CPU
		{C0B0A8B6-9D94-4349-A342-EBAB552BE13F}.Release|Any CPU.ActiveCfg = Release|Any CPU
		{C0B0A8B6-9D94-4349-A342-EBAB552BE13F}.Release|Any CPU.Build.0 = Release|Any CPU
		{9CA81CBB-F02C-4C66-BCC7-BF6F49A87381}.Debug|Any CPU.ActiveCfg = Debug|Any CPU
		{9CA81CBB-F02C-4C66-BCC7-BF6F49A87381}.Debug|Any CPU.Build.0 = Debug|Any CPU
		{9CA81CBB-F02C-4C66-BCC7-BF6F49A87381}.Release|Any CPU.ActiveCfg = Release|Any CPU
		{9CA81CBB-F02C-4C66-BCC7-BF6F49A87381}.Release|Any CPU.Build.0 = Release|Any CPU
		{81C69ADF-FE34-4969-A809-9EB159BFCE06}.Debug|Any CPU.ActiveCfg = Debug|Any CPU
		{81C69ADF-FE34-4969-A809-9EB159BFCE06}.Debug|Any CPU.Build.0 = Debug|Any CPU
		{81C69ADF-FE34-4969-A809-9EB159BFCE06}.Release|Any CPU.ActiveCfg = Release|Any CPU
		{81C69ADF-FE34-4969-A809-9EB159BFCE06}.Release|Any CPU.Build.0 = Release|Any CPU
		{A67C1BBA-2CDD-4B23-964F-FAB4DC8DA569}.Debug|Any CPU.ActiveCfg = Debug|Any CPU
		{A67C1BBA-2CDD-4B23-964F-FAB4DC8DA569}.Debug|Any CPU.Build.0 = Debug|Any CPU
		{A67C1BBA-2CDD-4B23-964F-FAB4DC8DA569}.Release|Any CPU.ActiveCfg = Release|Any CPU
		{A67C1BBA-2CDD-4B23-964F-FAB4DC8DA569}.Release|Any CPU.Build.0 = Release|Any CPU
		{3B3B94AC-CDC6-437B-8DE6-BF139BFA077D}.Debug|Any CPU.ActiveCfg = Debug|Any CPU
		{3B3B94AC-CDC6-437B-8DE6-BF139BFA077D}.Debug|Any CPU.Build.0 = Debug|Any CPU
		{3B3B94AC-CDC6-437B-8DE6-BF139BFA077D}.Release|Any CPU.ActiveCfg = Release|Any CPU
		{3B3B94AC-CDC6-437B-8DE6-BF139BFA077D}.Release|Any CPU.Build.0 = Release|Any CPU
		{5F246A8F-984D-435D-984C-D2AE24B95483}.Debug|Any CPU.ActiveCfg = Debug|Any CPU
		{5F246A8F-984D-435D-984C-D2AE24B95483}.Debug|Any CPU.Build.0 = Debug|Any CPU
		{5F246A8F-984D-435D-984C-D2AE24B95483}.Release|Any CPU.ActiveCfg = Release|Any CPU
		{5F246A8F-984D-435D-984C-D2AE24B95483}.Release|Any CPU.Build.0 = Release|Any CPU
		{716CAF2A-13D4-48D1-8AE0-CCD1EAE13D37}.Debug|Any CPU.ActiveCfg = Debug|Any CPU
		{716CAF2A-13D4-48D1-8AE0-CCD1EAE13D37}.Debug|Any CPU.Build.0 = Debug|Any CPU
		{716CAF2A-13D4-48D1-8AE0-CCD1EAE13D37}.Release|Any CPU.ActiveCfg = Release|Any CPU
		{716CAF2A-13D4-48D1-8AE0-CCD1EAE13D37}.Release|Any CPU.Build.0 = Release|Any CPU
		{5A191280-CCBD-47B3-A86A-65B658D0A395}.Debug|Any CPU.ActiveCfg = Debug|Any CPU
		{5A191280-CCBD-47B3-A86A-65B658D0A395}.Debug|Any CPU.Build.0 = Debug|Any CPU
		{5A191280-CCBD-47B3-A86A-65B658D0A395}.Release|Any CPU.ActiveCfg = Release|Any CPU
		{5A191280-CCBD-47B3-A86A-65B658D0A395}.Release|Any CPU.Build.0 = Release|Any CPU
		{87B52CF1-12F2-44F9-8777-A70038BB199A}.Debug|Any CPU.ActiveCfg = Debug|Any CPU
		{87B52CF1-12F2-44F9-8777-A70038BB199A}.Debug|Any CPU.Build.0 = Debug|Any CPU
		{87B52CF1-12F2-44F9-8777-A70038BB199A}.Release|Any CPU.ActiveCfg = Release|Any CPU
		{87B52CF1-12F2-44F9-8777-A70038BB199A}.Release|Any CPU.Build.0 = Release|Any CPU
		{BDE7DB09-79A2-4A81-90A3-A5278C43D3D7}.Debug|Any CPU.ActiveCfg = Debug|Any CPU
		{BDE7DB09-79A2-4A81-90A3-A5278C43D3D7}.Debug|Any CPU.Build.0 = Debug|Any CPU
		{BDE7DB09-79A2-4A81-90A3-A5278C43D3D7}.Release|Any CPU.ActiveCfg = Release|Any CPU
		{BDE7DB09-79A2-4A81-90A3-A5278C43D3D7}.Release|Any CPU.Build.0 = Release|Any CPU
		{8FD0426F-17AC-4888-9D67-3E675705949C}.Debug|Any CPU.ActiveCfg = Debug|Any CPU
		{8FD0426F-17AC-4888-9D67-3E675705949C}.Debug|Any CPU.Build.0 = Debug|Any CPU
		{8FD0426F-17AC-4888-9D67-3E675705949C}.Release|Any CPU.ActiveCfg = Release|Any CPU
		{8FD0426F-17AC-4888-9D67-3E675705949C}.Release|Any CPU.Build.0 = Release|Any CPU
		{76A118D2-7F08-4DAB-A13B-D4CBBAAC87FD}.Debug|Any CPU.ActiveCfg = Debug|Any CPU
		{76A118D2-7F08-4DAB-A13B-D4CBBAAC87FD}.Debug|Any CPU.Build.0 = Debug|Any CPU
		{76A118D2-7F08-4DAB-A13B-D4CBBAAC87FD}.Release|Any CPU.ActiveCfg = Release|Any CPU
		{76A118D2-7F08-4DAB-A13B-D4CBBAAC87FD}.Release|Any CPU.Build.0 = Release|Any CPU
	EndGlobalSection
	GlobalSection(SolutionProperties) = preSolution
		HideSolutionNode = FALSE
	EndGlobalSection
	GlobalSection(NestedProjects) = preSolution
		{C0B0A8B6-9D94-4349-A342-EBAB552BE13F} = {F60214D4-171B-4860-B973-98EADE5F6A29}
		{9CA81CBB-F02C-4C66-BCC7-BF6F49A87381} = {F60214D4-171B-4860-B973-98EADE5F6A29}
		{81C69ADF-FE34-4969-A809-9EB159BFCE06} = {F60214D4-171B-4860-B973-98EADE5F6A29}
		{A67C1BBA-2CDD-4B23-964F-FAB4DC8DA569} = {8C3CC52E-0823-41E7-B74D-9DFE499F7ACF}
		{3B3B94AC-CDC6-437B-8DE6-BF139BFA077D} = {8C3CC52E-0823-41E7-B74D-9DFE499F7ACF}
		{5F246A8F-984D-435D-984C-D2AE24B95483} = {8C3CC52E-0823-41E7-B74D-9DFE499F7ACF}
		{716CAF2A-13D4-48D1-8AE0-CCD1EAE13D37} = {DE1159B2-8FBC-4C49-8FA0-51821B1C4FEB}
		{5A191280-CCBD-47B3-A86A-65B658D0A395} = {DE1159B2-8FBC-4C49-8FA0-51821B1C4FEB}
		{87B52CF1-12F2-44F9-8777-A70038BB199A} = {DE1159B2-8FBC-4C49-8FA0-51821B1C4FEB}
		{BDE7DB09-79A2-4A81-90A3-A5278C43D3D7} = {A6B03DB2-5A96-4072-82D9-1211E93E182B}
		{8FD0426F-17AC-4888-9D67-3E675705949C} = {A6B03DB2-5A96-4072-82D9-1211E93E182B}
		{76A118D2-7F08-4DAB-A13B-D4CBBAAC87FD} = {A6B03DB2-5A96-4072-82D9-1211E93E182B}
	EndGlobalSection
	GlobalSection(ExtensibilityGlobals) = postSolution
		SolutionGuid = {10E17B96-2728-41CE-A407-77C777C710AA}
	EndGlobalSection
EndGlobal
