
Microsoft Visual Studio Solution File, Format Version 12.00
# Visual Studio Version 16
VisualStudioVersion = 16.0.33927.289
MinimumVisualStudioVersion = 10.0.40219.1
Project("{2150E333-8FDC-42A3-9474-1A3956D46DE8}") = "Task0", "Task0", "{F60214D4-171B-4860-B973-98EADE5F6A29}"
EndProject
Project("{FAE04EC0-301F-11D3-BF4B-00C04F79EFBC}") = "Tyuiu.NikolaichukVS.Sprint4.Task0.V25", "Tyuiu.NikolaichukVS.Sprint4.Task0.V25\Tyuiu.NikolaichukVS.Sprint4.Task0.V25.csproj", "{C0B0A8B6-9D94-4349-A342-EBAB552BE13F}"
EndProject
Project("{FAE04EC0-301F-11D3-BF4B-00C04F79EFBC}") = "Tyuiu.NikolaichukVS.Sprint4.Task0.V25.Lib", "Tyuiu.NikolaichukVS.Sprint4.Task0.V25.Lib\Tyuiu.NikolaichukVS.Sprint4.Task0.V25.Lib.csproj", "{9CA81CBB-F02C-4C66-BCC7-BF6F49A87381}"
EndProject
Project("{FAE04EC0-301F-11D3-BF4B-00C04F79EFBC}") = "Tyuiu.NikolaichukVS.Sprint4.Task0.V25.Test", "Tyuiu.NikolaichukVS.Sprint4.Task0.V25.Test\Tyuiu.NikolaichukVS.Sprint4.Task0.V25.Test.csproj", "{81C69ADF-FE34-4969-A809-9EB159BFCE06}"
EndProject
Global
	GlobalSection(SolutionConfigurationPlatforms) = preSolution
		Debug|Any CPU = Debug|Any CPU
		Release|Any CPU = Release|Any CPU
	EndGlobalSection
	GlobalSection(ProjectConfigurationPlatforms) = postSolution
		{C0B0A8B6-9D94-4349-A342-EBAB552BE13F}.Debug|Any CPU.ActiveCfg = Debug|Any CPU
		{C0B0A8B6-9D94-4349-A342-EBAB552BE13F}.Debug|Any CPU.Build.0 = Debug|Any CPU
		{C0B0A8B6-9D94-4349-A342-EBAB552BE13F}.Release|Any CPU.ActiveCfg = Release|Any CPU
		{C0B0A8B6-9D94-4349-A342-EBAB552BE13F}.Release|Any CPU.Build.0 = Release|Any CPU
		{9CA81CBB-F02C-4C66-BCC7-BF6F49A87381}.Debug|Any CPU.ActiveCfg = Debug|Any CPU
		{9CA81CBB-F02C-4C66-BCC7-BF6F49A87381}.Debug|Any CPU.Build.0 = Debug|Any CPU
		{9CA81CBB-F02C-4C66-BCC7-BF6F49A87381}.Release|Any CPU.ActiveCfg = Release|Any CPU
		{9CA81CBB-F02C-4C66-BCC7-BF6F49A87381}.Release|Any CPU.Build.0 = Release|Any CPU
		{81C69ADF-FE34-4969-A809-9EB159BFCE06}.Debug|Any CPU.ActiveCfg = Debug|Any CPU
		{81C69ADF-FE34-4969-A809-9EB159BFCE06}.Debug|Any CPU.Build.0 = Debug|Any CPU
		{81C69ADF-FE34-4969-A809-9EB159BFCE06}.Release|Any CPU.ActiveCfg = Release|Any CPU
		{81C69ADF-FE34-4969-A809-9EB159BFCE06}.Release|Any CPU.Build.0 = Release|Any CPU
	EndGlobalSection
	GlobalSection(SolutionProperties) = preSolution
		HideSolutionNode = FALSE
	EndGlobalSection
	GlobalSection(NestedProjects) = preSolution
		{C0B0A8B6-9D94-4349-A342-EBAB552BE13F} = {F60214D4-171B-4860-B973-98EADE5F6A29}
		{9CA81CBB-F02C-4C66-BCC7-BF6F49A87381} = {F60214D4-171B-4860-B973-98EADE5F6A29}
		{81C69ADF-FE34-4969-A809-9EB159BFCE06} = {F60214D4-171B-4860-B973-98EADE5F6A29}
	EndGlobalSection
	GlobalSection(ExtensibilityGlobals) = postSolution
		SolutionGuid = {10E17B96-2728-41CE-A407-77C777C710AA}
	EndGlobalSection
EndGlobal
